
Microsoft Visual Studio Solution File, Format Version 12.00
# Visual Studio 15
Project("{FAE04EC0-301F-11D3-BF4B-00C04F79EFBC}") = "Unity.XR.Interaction.Toolkit.Samples.ARStarterAssets", "Unity.XR.Interaction.Toolkit.Samples.ARStarterAssets.csproj", "{C44D0FF7-2E25-07DB-A92C-467D55A69CAB}"
EndProject
Project("{FAE04EC0-301F-11D3-BF4B-00C04F79EFBC}") = "Unity.XR.Interaction.Toolkit.Samples.StarterAssets", "Unity.XR.Interaction.Toolkit.Samples.StarterAssets.csproj", "{93B129F2-D1D4-A559-5CEC-DB0FBBC478C1}"
EndProject
Project("{FAE04EC0-301F-11D3-BF4B-00C04F79EFBC}") = "Assembly-CSharp", "Assembly-CSharp.csproj", "{EB3D7B7D-F0D3-A9C0-3268-986113EE4BF9}"
EndProject
Project("{FAE04EC0-301F-11D3-BF4B-00C04F79EFBC}") = "Unity.XR.Interaction.Toolkit.Samples.ARStarterAssets.Editor", "Unity.XR.Interaction.Toolkit.Samples.ARStarterAssets.Editor.csproj", "{0E40F40B-3DE6-DA81-EEBC-FB1E81283BD2}"
EndProject
Project("{FAE04EC0-301F-11D3-BF4B-00C04F79EFBC}") = "Unity.XR.Interaction.Toolkit.Samples.StarterAssets.Editor", "Unity.XR.Interaction.Toolkit.Samples.StarterAssets.Editor.csproj", "{0A7CC23F-3111-8FE7-0555-94ABD3A47184}"
EndProject
Global
	GlobalSection(SolutionConfigurationPlatforms) = preSolution
		Debug|Any CPU = Debug|Any CPU
		Release|Any CPU = Release|Any CPU
	EndGlobalSection
	GlobalSection(ProjectConfigurationPlatforms) = postSolution
		{C44D0FF7-2E25-07DB-A92C-467D55A69CAB}.Debug|Any CPU.ActiveCfg = Debug|Any CPU
		{C44D0FF7-2E25-07DB-A92C-467D55A69CAB}.Debug|Any CPU.Build.0 = Debug|Any CPU
		{C44D0FF7-2E25-07DB-A92C-467D55A69CAB}.Release|Any CPU.ActiveCfg = Release|Any CPU
		{C44D0FF7-2E25-07DB-A92C-467D55A69CAB}.Release|Any CPU.Build.0 = Release|Any CPU
		{93B129F2-D1D4-A559-5CEC-DB0FBBC478C1}.Debug|Any CPU.ActiveCfg = Debug|Any CPU
		{93B129F2-D1D4-A559-5CEC-DB0FBBC478C1}.Debug|Any CPU.Build.0 = Debug|Any CPU
		{93B129F2-D1D4-A559-5CEC-DB0FBBC478C1}.Release|Any CPU.ActiveCfg = Release|Any CPU
		{93B129F2-D1D4-A559-5CEC-DB0FBBC478C1}.Release|Any CPU.Build.0 = Release|Any CPU
		{EB3D7B7D-F0D3-A9C0-3268-986113EE4BF9}.Debug|Any CPU.ActiveCfg = Debug|Any CPU
		{EB3D7B7D-F0D3-A9C0-3268-986113EE4BF9}.Debug|Any CPU.Build.0 = Debug|Any CPU
		{EB3D7B7D-F0D3-A9C0-3268-986113EE4BF9}.Release|Any CPU.ActiveCfg = Release|Any CPU
		{EB3D7B7D-F0D3-A9C0-3268-986113EE4BF9}.Release|Any CPU.Build.0 = Release|Any CPU
		{0E40F40B-3DE6-DA81-EEBC-FB1E81283BD2}.Debug|Any CPU.ActiveCfg = Debug|Any CPU
		{0E40F40B-3DE6-DA81-EEBC-FB1E81283BD2}.Debug|Any CPU.Build.0 = Debug|Any CPU
		{0E40F40B-3DE6-DA81-EEBC-FB1E81283BD2}.Release|Any CPU.ActiveCfg = Release|Any CPU
		{0E40F40B-3DE6-DA81-EEBC-FB1E81283BD2}.Release|Any CPU.Build.0 = Release|Any CPU
		{0A7CC23F-3111-8FE7-0555-94ABD3A47184}.Debug|Any CPU.ActiveCfg = Debug|Any CPU
		{0A7CC23F-3111-8FE7-0555-94ABD3A47184}.Debug|Any CPU.Build.0 = Debug|Any CPU
		{0A7CC23F-3111-8FE7-0555-94ABD3A47184}.Release|Any CPU.ActiveCfg = Release|Any CPU
		{0A7CC23F-3111-8FE7-0555-94ABD3A47184}.Release|Any CPU.Build.0 = Release|Any CPU
	EndGlobalSection
	GlobalSection(SolutionProperties) = preSolution
		HideSolutionNode = FALSE
	EndGlobalSection
EndGlobal
